
Microsoft Visual Studio Solution File, Format Version 12.00
# Visual Studio Version 17
VisualStudioVersion = 17.9.34701.34
MinimumVisualStudioVersion = 10.0.40219.1
Project("{FAE04EC0-301F-11D3-BF4B-00C04F79EFBC}") = "SistemaProven.Entity", "SistemaProven.Entity\SistemaProven.Entity.csproj", "{F9657C97-F927-4B65-94A4-0E28EAF8E8B6}"
EndProject
Project("{FAE04EC0-301F-11D3-BF4B-00C04F79EFBC}") = "SistemaProven.DAL", "SistemaProven.DAL\SistemaProven.DAL.csproj", "{3BE6D299-DBEF-4B8A-8FCB-E8C45B098E6D}"
EndProject
Project("{FAE04EC0-301F-11D3-BF4B-00C04F79EFBC}") = "SistemaProven.BLL", "SistemaProven.BLL\SistemaProven.BLL.csproj", "{BF316DAD-24E2-4B0E-82E3-C128881909D4}"
EndProject
Project("{FAE04EC0-301F-11D3-BF4B-00C04F79EFBC}") = "SistemaProven.IOC", "SistemaProven.IOC\SistemaProven.IOC.csproj", "{3E65BA07-8337-42D6-A3DA-AAB62B5483D6}"
EndProject
Project("{FAE04EC0-301F-11D3-BF4B-00C04F79EFBC}") = "SistemaProven.AplicacionWeb", "SistemaProven.AplicacionWeb\SistemaProven.AplicacionWeb.csproj", "{907DCD00-3E24-40FD-BB21-1A7FDDFA23BB}"
EndProject
Global
	GlobalSection(SolutionConfigurationPlatforms) = preSolution
		Debug|Any CPU = Debug|Any CPU
		Release|Any CPU = Release|Any CPU
	EndGlobalSection
	GlobalSection(ProjectConfigurationPlatforms) = postSolution
		{F9657C97-F927-4B65-94A4-0E28EAF8E8B6}.Debug|Any CPU.ActiveCfg = Debug|Any CPU
		{F9657C97-F927-4B65-94A4-0E28EAF8E8B6}.Debug|Any CPU.Build.0 = Debug|Any CPU
		{F9657C97-F927-4B65-94A4-0E28EAF8E8B6}.Release|Any CPU.ActiveCfg = Release|Any CPU
		{F9657C97-F927-4B65-94A4-0E28EAF8E8B6}.Release|Any CPU.Build.0 = Release|Any CPU
		{3BE6D299-DBEF-4B8A-8FCB-E8C45B098E6D}.Debug|Any CPU.ActiveCfg = Debug|Any CPU
		{3BE6D299-DBEF-4B8A-8FCB-E8C45B098E6D}.Debug|Any CPU.Build.0 = Debug|Any CPU
		{3BE6D299-DBEF-4B8A-8FCB-E8C45B098E6D}.Release|Any CPU.ActiveCfg = Release|Any CPU
		{3BE6D299-DBEF-4B8A-8FCB-E8C45B098E6D}.Release|Any CPU.Build.0 = Release|Any CPU
		{BF316DAD-24E2-4B0E-82E3-C128881909D4}.Debug|Any CPU.ActiveCfg = Debug|Any CPU
		{BF316DAD-24E2-4B0E-82E3-C128881909D4}.Debug|Any CPU.Build.0 = Debug|Any CPU
		{BF316DAD-24E2-4B0E-82E3-C128881909D4}.Release|Any CPU.ActiveCfg = Release|Any CPU
		{BF316DAD-24E2-4B0E-82E3-C128881909D4}.Release|Any CPU.Build.0 = Release|Any CPU
		{3E65BA07-8337-42D6-A3DA-AAB62B5483D6}.Debug|Any CPU.ActiveCfg = Debug|Any CPU
		{3E65BA07-8337-42D6-A3DA-AAB62B5483D6}.Debug|Any CPU.Build.0 = Debug|Any CPU
		{3E65BA07-8337-42D6-A3DA-AAB62B5483D6}.Release|Any CPU.ActiveCfg = Release|Any CPU
		{3E65BA07-8337-42D6-A3DA-AAB62B5483D6}.Release|Any CPU.Build.0 = Release|Any CPU
		{907DCD00-3E24-40FD-BB21-1A7FDDFA23BB}.Debug|Any CPU.ActiveCfg = Debug|Any CPU
		{907DCD00-3E24-40FD-BB21-1A7FDDFA23BB}.Debug|Any CPU.Build.0 = Debug|Any CPU
		{907DCD00-3E24-40FD-BB21-1A7FDDFA23BB}.Release|Any CPU.ActiveCfg = Release|Any CPU
		{907DCD00-3E24-40FD-BB21-1A7FDDFA23BB}.Release|Any CPU.Build.0 = Release|Any CPU
	EndGlobalSection
	GlobalSection(SolutionProperties) = preSolution
		HideSolutionNode = FALSE
	EndGlobalSection
	GlobalSection(ExtensibilityGlobals) = postSolution
		SolutionGuid = {900827E0-0305-41A6-9C08-A575392A6D05}
	EndGlobalSection
EndGlobal
